
Microsoft Visual Studio Solution File, Format Version 12.00
# Visual Studio Version 16
VisualStudioVersion = 16.0.31313.79
MinimumVisualStudioVersion = 10.0.40219.1
Project("{FAE04EC0-301F-11D3-BF4B-00C04F79EFBC}") = "IT232_Unit_5_Assignment_Jeremy_King", "IT232_Unit_5_Assignment_Jeremy_King.csproj", "{88FAA403-8128-4450-BB35-4FBBCB1044EE}"
EndProject
Global
	GlobalSection(SolutionConfigurationPlatforms) = preSolution
		Debug|Any CPU = Debug|Any CPU
		Release|Any CPU = Release|Any CPU
	EndGlobalSection
	GlobalSection(ProjectConfigurationPlatforms) = postSolution
		{88FAA403-8128-4450-BB35-4FBBCB1044EE}.Debug|Any CPU.ActiveCfg = Debug|Any CPU
		{88FAA403-8128-4450-BB35-4FBBCB1044EE}.Debug|Any CPU.Build.0 = Debug|Any CPU
		{88FAA403-8128-4450-BB35-4FBBCB1044EE}.Release|Any CPU.ActiveCfg = Release|Any CPU
		{88FAA403-8128-4450-BB35-4FBBCB1044EE}.Release|Any CPU.Build.0 = Release|Any CPU
	EndGlobalSection
	GlobalSection(SolutionProperties) = preSolution
		HideSolutionNode = FALSE
	EndGlobalSection
	GlobalSection(ExtensibilityGlobals) = postSolution
		SolutionGuid = {C1E1601B-9079-41FA-BFA0-AE644424DDF9}
	EndGlobalSection
EndGlobal
